
Microsoft Visual Studio Solution File, Format Version 12.00
# Visual Studio Version 16
VisualStudioVersion = 16.0.31112.23
MinimumVisualStudioVersion = 10.0.40219.1
Project("{FAE04EC0-301F-11D3-BF4B-00C04F79EFBC}") = "1.Ödev_Ali Kutay Kılınç_b201210071", "1.Ödev_Ali Kutay Kılınç_b201210071.csproj", "{FFFDBFC6-1306-45E0-B1FD-C9636216E319}"
EndProject
Global
	GlobalSection(SolutionConfigurationPlatforms) = preSolution
		Debug|Any CPU = Debug|Any CPU
		Release|Any CPU = Release|Any CPU
	EndGlobalSection
	GlobalSection(ProjectConfigurationPlatforms) = postSolution
		{FFFDBFC6-1306-45E0-B1FD-C9636216E319}.Debug|Any CPU.ActiveCfg = Debug|Any CPU
		{FFFDBFC6-1306-45E0-B1FD-C9636216E319}.Debug|Any CPU.Build.0 = Debug|Any CPU
		{FFFDBFC6-1306-45E0-B1FD-C9636216E319}.Release|Any CPU.ActiveCfg = Release|Any CPU
		{FFFDBFC6-1306-45E0-B1FD-C9636216E319}.Release|Any CPU.Build.0 = Release|Any CPU
	EndGlobalSection
	GlobalSection(SolutionProperties) = preSolution
		HideSolutionNode = FALSE
	EndGlobalSection
	GlobalSection(ExtensibilityGlobals) = postSolution
		SolutionGuid = {1E9F9DF6-E449-457B-9D99-26E7061FBD7C}
	EndGlobalSection
EndGlobal
