
Microsoft Visual Studio Solution File, Format Version 12.00
# Visual Studio Version 16
VisualStudioVersion = 16.0.31112.23
MinimumVisualStudioVersion = 10.0.40219.1
Project("{FAE04EC0-301F-11D3-BF4B-00C04F79EFBC}") = "Ali Kutay Kılınç_b201210071_1.Proje_Yaz Dönemi", "Ali Kutay Kılınç_b201210071_1.Proje_Yaz Dönemi.csproj", "{0C536892-273F-4D7D-AC91-666E2C98C272}"
EndProject
Global
	GlobalSection(SolutionConfigurationPlatforms) = preSolution
		Debug|Any CPU = Debug|Any CPU
		Release|Any CPU = Release|Any CPU
	EndGlobalSection
	GlobalSection(ProjectConfigurationPlatforms) = postSolution
		{0C536892-273F-4D7D-AC91-666E2C98C272}.Debug|Any CPU.ActiveCfg = Debug|Any CPU
		{0C536892-273F-4D7D-AC91-666E2C98C272}.Debug|Any CPU.Build.0 = Debug|Any CPU
		{0C536892-273F-4D7D-AC91-666E2C98C272}.Release|Any CPU.ActiveCfg = Release|Any CPU
		{0C536892-273F-4D7D-AC91-666E2C98C272}.Release|Any CPU.Build.0 = Release|Any CPU
	EndGlobalSection
	GlobalSection(SolutionProperties) = preSolution
		HideSolutionNode = FALSE
	EndGlobalSection
	GlobalSection(ExtensibilityGlobals) = postSolution
		SolutionGuid = {EED23082-5538-4D15-98D3-F8472F821819}
	EndGlobalSection
EndGlobal
